// !$*UTF8*$!
{
	archiveVersion = 1;
	classes = {
	};
	objectVersion = 46;
	objects = {

/* Begin PBXBuildFile section */
		C4417B6819AF120B00078F93 /* Foundation.framework in Frameworks */ = {isa = PBXBuildFile; fileRef = C4417B6719AF120B00078F93 /* Foundation.framework */; };
		C4417B6A19AF120B00078F93 /* CoreGraphics.framework in Frameworks */ = {isa = PBXBuildFile; fileRef = C4417B6919AF120B00078F93 /* CoreGraphics.framework */; };
		C4417B6C19AF120B00078F93 /* UIKit.framework in Frameworks */ = {isa = PBXBuildFile; fileRef = C4417B6B19AF120B00078F93 /* UIKit.framework */; };
		C4417B7219AF120B00078F93 /* InfoPlist.strings in Resources */ = {isa = PBXBuildFile; fileRef = C4417B7019AF120B00078F93 /* InfoPlist.strings */; };
		C4417B7419AF120B00078F93 /* main.m in Sources */ = {isa = PBXBuildFile; fileRef = C4417B7319AF120B00078F93 /* main.m */; };
		C4417B7819AF120B00078F93 /* AppDelegate.m in Sources */ = {isa = PBXBuildFile; fileRef = C4417B7719AF120B00078F93 /* AppDelegate.m */; };
		C4417B7A19AF120B00078F93 /* Images.xcassets in Resources */ = {isa = PBXBuildFile; fileRef = C4417B7919AF120B00078F93 /* Images.xcassets */; };
		C4417B8119AF120B00078F93 /* XCTest.framework in Frameworks */ = {isa = PBXBuildFile; fileRef = C4417B8019AF120B00078F93 /* XCTest.framework */; };
		C4417B8219AF120B00078F93 /* Foundation.framework in Frameworks */ = {isa = PBXBuildFile; fileRef = C4417B6719AF120B00078F93 /* Foundation.framework */; };
		C4417B8319AF120B00078F93 /* UIKit.framework in Frameworks */ = {isa = PBXBuildFile; fileRef = C4417B6B19AF120B00078F93 /* UIKit.framework */; };
		C4417B8B19AF120B00078F93 /* InfoPlist.strings in Resources */ = {isa = PBXBuildFile; fileRef = C4417B8919AF120B00078F93 /* InfoPlist.strings */; };
		C4417B8D19AF120B00078F93 /* iDeliverMobileTests.m in Sources */ = {isa = PBXBuildFile; fileRef = C4417B8C19AF120B00078F93 /* iDeliverMobileTests.m */; };
/* End PBXBuildFile section */

/* Begin PBXContainerItemProxy section */
		C4417B8419AF120B00078F93 /* PBXContainerItemProxy */ = {
			isa = PBXContainerItemProxy;
			containerPortal = C4417B5C19AF120B00078F93 /* Project object */;
			proxyType = 1;
			remoteGlobalIDString = C4417B6319AF120B00078F93;
			remoteInfo = iDeliverMobile;
		};
/* End PBXContainerItemProxy section */

/* Begin PBXFileReference section */
		C4417B6419AF120B00078F93 /* iDeliverMobile.app */ = {isa = PBXFileReference; explicitFileType = wrapper.application; includeInIndex = 0; path = iDeliverMobile.app; sourceTree = BUILT_PRODUCTS_DIR; };
		C4417B6719AF120B00078F93 /* Foundation.framework */ = {isa = PBXFileReference; lastKnownFileType = wrapper.framework; name = Foundation.framework; path = System/Library/Frameworks/Foundation.framework; sourceTree = SDKROOT; };
		C4417B6919AF120B00078F93 /* CoreGraphics.framework */ = {isa = PBXFileReference; lastKnownFileType = wrapper.framework; name = CoreGraphics.framework; path = System/Library/Frameworks/CoreGraphics.framework; sourceTree = SDKROOT; };
		C4417B6B19AF120B00078F93 /* UIKit.framework */ = {isa = PBXFileReference; lastKnownFileType = wrapper.framework; name = UIKit.framework; path = System/Library/Frameworks/UIKit.framework; sourceTree = SDKROOT; };
		C4417B6F19AF120B00078F93 /* iDeliverMobile-Info.plist */ = {isa = PBXFileReference; lastKnownFileType = text.plist.xml; path = "iDeliverMobile-Info.plist"; sourceTree = "<group>"; };
		C4417B7119AF120B00078F93 /* en */ = {isa = PBXFileReference; lastKnownFileType = text.plist.strings; name = en; path = en.lproj/InfoPlist.strings; sourceTree = "<group>"; };
		C4417B7319AF120B00078F93 /* main.m */ = {isa = PBXFileReference; lastKnownFileType = sourcecode.c.objc; path = main.m; sourceTree = "<group>"; };
		C4417B7519AF120B00078F93 /* iDeliverMobile-Prefix.pch */ = {isa = PBXFileReference; lastKnownFileType = sourcecode.c.h; path = "iDeliverMobile-Prefix.pch"; sourceTree = "<group>"; };
		C4417B7619AF120B00078F93 /* AppDelegate.h */ = {isa = PBXFileReference; lastKnownFileType = sourcecode.c.h; path = AppDelegate.h; sourceTree = "<group>"; };
		C4417B7719AF120B00078F93 /* AppDelegate.m */ = {isa = PBXFileReference; lastKnownFileType = sourcecode.c.objc; path = AppDelegate.m; sourceTree = "<group>"; };
		C4417B7919AF120B00078F93 /* Images.xcassets */ = {isa = PBXFileReference; lastKnownFileType = folder.assetcatalog; path = Images.xcassets; sourceTree = "<group>"; };
		C4417B7F19AF120B00078F93 /* iDeliverMobileTests.xctest */ = {isa = PBXFileReference; explicitFileType = wrapper.cfbundle; includeInIndex = 0; path = iDeliverMobileTests.xctest; sourceTree = BUILT_PRODUCTS_DIR; };
		C4417B8019AF120B00078F93 /* XCTest.framework */ = {isa = PBXFileReference; lastKnownFileType = wrapper.framework; name = XCTest.framework; path = Library/Frameworks/XCTest.framework; sourceTree = DEVELOPER_DIR; };
		C4417B8819AF120B00078F93 /* iDeliverMobileTests-Info.plist */ = {isa = PBXFileReference; lastKnownFileType = text.plist.xml; path = "iDeliverMobileTests-Info.plist"; sourceTree = "<group>"; };
		C4417B8A19AF120B00078F93 /* en */ = {isa = PBXFileReference; lastKnownFileType = text.plist.strings; name = en; path = en.lproj/InfoPlist.strings; sourceTree = "<group>"; };
		C4417B8C19AF120B00078F93 /* iDeliverMobileTests.m */ = {isa = PBXFileReference; lastKnownFileType = sourcecode.c.objc; path = iDeliverMobileTests.m; sourceTree = "<group>"; };
/* End PBXFileReference section */

/* Begin PBXFrameworksBuildPhase section */
		C4417B6119AF120B00078F93 /* Frameworks */ = {
			isa = PBXFrameworksBuildPhase;
			buildActionMask = 2147483647;
			files = (
				C4417B6A19AF120B00078F93 /* CoreGraphics.framework in Frameworks */,
				C4417B6C19AF120B00078F93 /* UIKit.framework in Frameworks */,
				C4417B6819AF120B00078F93 /* Foundation.framework in Frameworks */,
			);
			runOnlyForDeploymentPostprocessing = 0;
		};
		C4417B7C19AF120B00078F93 /* Frameworks */ = {
			isa = PBXFrameworksBuildPhase;
			buildActionMask = 2147483647;
			files = (
				C4417B8119AF120B00078F93 /* XCTest.framework in Frameworks */,
				C4417B8319AF120B00078F93 /* UIKit.framework in Frameworks */,
				C4417B8219AF120B00078F93 /* Foundation.framework in Frameworks */,
			);
			runOnlyForDeploymentPostprocessing = 0;
		};
/* End PBXFrameworksBuildPhase section */

/* Begin PBXGroup section */
		C4417B5B19AF120B00078F93 = {
			isa = PBXGroup;
			children = (
				C4417B6D19AF120B00078F93 /* iDeliverMobile */,
				C4417B8619AF120B00078F93 /* iDeliverMobileTests */,
				C4417B6619AF120B00078F93 /* Frameworks */,
				C4417B6519AF120B00078F93 /* Products */,
			);
			sourceTree = "<group>";
		};
		C4417B6519AF120B00078F93 /* Products */ = {
			isa = PBXGroup;
			children = (
				C4417B6419AF120B00078F93 /* iDeliverMobile.app */,
				C4417B7F19AF120B00078F93 /* iDeliverMobileTests.xctest */,
			);
			name = Products;
			sourceTree = "<group>";
		};
		C4417B6619AF120B00078F93 /* Frameworks */ = {
			isa = PBXGroup;
			children = (
				C4417B6719AF120B00078F93 /* Foundation.framework */,
				C4417B6919AF120B00078F93 /* CoreGraphics.framework */,
				C4417B6B19AF120B00078F93 /* UIKit.framework */,
				C4417B8019AF120B00078F93 /* XCTest.framework */,
			);
			name = Frameworks;
			sourceTree = "<group>";
		};
		C4417B6D19AF120B00078F93 /* iDeliverMobile */ = {
			isa = PBXGroup;
			children = (
				C4417B7619AF120B00078F93 /* AppDelegate.h */,
				C4417B7719AF120B00078F93 /* AppDelegate.m */,
				C4417B7919AF120B00078F93 /* Images.xcassets */,
				C4417B6E19AF120B00078F93 /* Supporting Files */,
			);
			path = iDeliverMobile;
			sourceTree = "<group>";
		};
		C4417B6E19AF120B00078F93 /* Supporting Files */ = {
			isa = PBXGroup;
			children = (
				C4417B6F19AF120B00078F93 /* iDeliverMobile-Info.plist */,
				C4417B7019AF120B00078F93 /* InfoPlist.strings */,
				C4417B7319AF120B00078F93 /* main.m */,
				C4417B7519AF120B00078F93 /* iDeliverMobile-Prefix.pch */,
			);
			name = "Supporting Files";
			sourceTree = "<group>";
		};
		C4417B8619AF120B00078F93 /* iDeliverMobileTests */ = {
			isa = PBXGroup;
			children = (
				C4417B8C19AF120B00078F93 /* iDeliverMobileTests.m */,
				C4417B8719AF120B00078F93 /* Supporting Files */,
			);
			path = iDeliverMobileTests;
			sourceTree = "<group>";
		};
		C4417B8719AF120B00078F93 /* Supporting Files */ = {
			isa = PBXGroup;
			children = (
				C4417B8819AF120B00078F93 /* iDeliverMobileTests-Info.plist */,
				C4417B8919AF120B00078F93 /* InfoPlist.strings */,
			);
			name = "Supporting Files";
			sourceTree = "<group>";
		};
/* End PBXGroup section */

/* Begin PBXNativeTarget section */
		C4417B6319AF120B00078F93 /* iDeliverMobile */ = {
			isa = PBXNativeTarget;
			buildConfigurationList = C4417B9019AF120B00078F93 /* Build configuration list for PBXNativeTarget "iDeliverMobile" */;
			buildPhases = (
				C4417B6019AF120B00078F93 /* Sources */,
				C4417B6119AF120B00078F93 /* Frameworks */,
				C4417B6219AF120B00078F93 /* Resources */,
			);
			buildRules = (
			);
			dependencies = (
			);
			name = iDeliverMobile;
			productName = iDeliverMobile;
			productReference = C4417B6419AF120B00078F93 /* iDeliverMobile.app */;
			productType = "com.apple.product-type.application";
		};
		C4417B7E19AF120B00078F93 /* iDeliverMobileTests */ = {
			isa = PBXNativeTarget;
			buildConfigurationList = C4417B9319AF120B00078F93 /* Build configuration list for PBXNativeTarget "iDeliverMobileTests" */;
			buildPhases = (
				C4417B7B19AF120B00078F93 /* Sources */,
				C4417B7C19AF120B00078F93 /* Frameworks */,
				C4417B7D19AF120B00078F93 /* Resources */,
			);
			buildRules = (
			);
			dependencies = (
				C4417B8519AF120B00078F93 /* PBXTargetDependency */,
			);
			name = iDeliverMobileTests;
			productName = iDeliverMobileTests;
			productReference = C4417B7F19AF120B00078F93 /* iDeliverMobileTests.xctest */;
			productType = "com.apple.product-type.bundle.unit-test";
		};
/* End PBXNativeTarget section */

/* Begin PBXProject section */
		C4417B5C19AF120B00078F93 /* Project object */ = {
			isa = PBXProject;
			attributes = {
				LastUpgradeCheck = 0510;
				ORGANIZATIONNAME = "Li-Wei Tseng";
				TargetAttributes = {
					C4417B7E19AF120B00078F93 = {
						TestTargetID = C4417B6319AF120B00078F93;
					};
				};
			};
			buildConfigurationList = C4417B5F19AF120B00078F93 /* Build configuration list for PBXProject "iDeliverMobile" */;
			compatibilityVersion = "Xcode 3.2";
			developmentRegion = English;
			hasScannedForEncodings = 0;
			knownRegions = (
				en,
			);
			mainGroup = C4417B5B19AF120B00078F93;
			productRefGroup = C4417B6519AF120B00078F93 /* Products */;
			projectDirPath = "";
			projectRoot = "";
			targets = (
				C4417B6319AF120B00078F93 /* iDeliverMobile */,
				C4417B7E19AF120B00078F93 /* iDeliverMobileTests */,
			);
		};
/* End PBXProject section */

/* Begin PBXResourcesBuildPhase section */
		C4417B6219AF120B00078F93 /* Resources */ = {
			isa = PBXResourcesBuildPhase;
			buildActionMask = 2147483647;
			files = (
				C4417B7219AF120B00078F93 /* InfoPlist.strings in Resources */,
				C4417B7A19AF120B00078F93 /* Images.xcassets in Resources */,
			);
			runOnlyForDeploymentPostprocessing = 0;
		};
		C4417B7D19AF120B00078F93 /* Resources */ = {
			isa = PBXResourcesBuildPhase;
			buildActionMask = 2147483647;
			files = (
				C4417B8B19AF120B00078F93 /* InfoPlist.strings in Resources */,
			);
			runOnlyForDeploymentPostprocessing = 0;
		};
/* End PBXResourcesBuildPhase section */

/* Begin PBXSourcesBuildPhase section */
		C4417B6019AF120B00078F93 /* Sources */ = {
			isa = PBXSourcesBuildPhase;
			buildActionMask = 2147483647;
			files = (
				C4417B7819AF120B00078F93 /* AppDelegate.m in Sources */,
				C4417B7419AF120B00078F93 /* main.m in Sources */,
			);
			runOnlyForDeploymentPostprocessing = 0;
		};
		C4417B7B19AF120B00078F93 /* Sources */ = {
			isa = PBXSourcesBuildPhase;
			buildActionMask = 2147483647;
			files = (
				C4417B8D19AF120B00078F93 /* iDeliverMobileTests.m in Sources */,
			);
			runOnlyForDeploymentPostprocessing = 0;
		};
/* End PBXSourcesBuildPhase section */

/* Begin PBXTargetDependency section */
		C4417B8519AF120B00078F93 /* PBXTargetDependency */ = {
			isa = PBXTargetDependency;
			target = C4417B6319AF120B00078F93 /* iDeliverMobile */;
			targetProxy = C4417B8419AF120B00078F93 /* PBXContainerItemProxy */;
		};
/* End PBXTargetDependency section */

/* Begin PBXVariantGroup section */
		C4417B7019AF120B00078F93 /* InfoPlist.strings */ = {
			isa = PBXVariantGroup;
			children = (
				C4417B7119AF120B00078F93 /* en */,
			);
			name = InfoPlist.strings;
			sourceTree = "<group>";
		};
		C4417B8919AF120B00078F93 /* InfoPlist.strings */ = {
			isa = PBXVariantGroup;
			children = (
				C4417B8A19AF120B00078F93 /* en */,
			);
			name = InfoPlist.strings;
			sourceTree = "<group>";
		};
/* End PBXVariantGroup section */

/* Begin XCBuildConfiguration section */
		C4417B8E19AF120B00078F93 /* Debug */ = {
			isa = XCBuildConfiguration;
			buildSettings = {
				ALWAYS_SEARCH_USER_PATHS = NO;
				CLANG_CXX_LANGUAGE_STANDARD = "gnu++0x";
				CLANG_CXX_LIBRARY = "libc++";
				CLANG_ENABLE_MODULES = YES;
				CLANG_ENABLE_OBJC_ARC = YES;
				CLANG_WARN_BOOL_CONVERSION = YES;
				CLANG_WARN_CONSTANT_CONVERSION = YES;
				CLANG_WARN_DIRECT_OBJC_ISA_USAGE = YES_ERROR;
				CLANG_WARN_EMPTY_BODY = YES;
				CLANG_WARN_ENUM_CONVERSION = YES;
				CLANG_WARN_INT_CONVERSION = YES;
				CLANG_WARN_OBJC_ROOT_CLASS = YES_ERROR;
				CLANG_WARN__DUPLICATE_METHOD_MATCH = YES;
				"CODE_SIGN_IDENTITY[sdk=iphoneos*]" = "iPhone Developer";
				COPY_PHASE_STRIP = NO;
				GCC_C_LANGUAGE_STANDARD = gnu99;
				GCC_DYNAMIC_NO_PIC = NO;
				GCC_OPTIMIZATION_LEVEL = 0;
				GCC_PREPROCESSOR_DEFINITIONS = (
					"DEBUG=1",
					"$(inherited)",
				);
				GCC_SYMBOLS_PRIVATE_EXTERN = NO;
				GCC_WARN_64_TO_32_BIT_CONVERSION = YES;
				GCC_WARN_ABOUT_RETURN_TYPE = YES_ERROR;
				GCC_WARN_UNDECLARED_SELECTOR = YES;
				GCC_WARN_UNINITIALIZED_AUTOS = YES_AGGRESSIVE;
				GCC_WARN_UNUSED_FUNCTION = YES;
				GCC_WARN_UNUSED_VARIABLE = YES;
				IPHONEOS_DEPLOYMENT_TARGET = 7.1;
				ONLY_ACTIVE_ARCH = YES;
				SDKROOT = iphoneos;
			};
			name = Debug;
		};
		C4417B8F19AF120B00078F93 /* Release */ = {
			isa = XCBuildConfiguration;
			buildSettings = {
				ALWAYS_SEARCH_USER_PATHS = NO;
				CLANG_CXX_LANGUAGE_STANDARD = "gnu++0x";
				CLANG_CXX_LIBRARY = "libc++";
				CLANG_ENABLE_MODULES = YES;
				CLANG_ENABLE_OBJC_ARC = YES;
				CLANG_WARN_BOOL_CONVERSION = YES;
				CLANG_WARN_CONSTANT_CONVERSION = YES;
				CLANG_WARN_DIRECT_OBJC_ISA_USAGE = YES_ERROR;
				CLANG_WARN_EMPTY_BODY = YES;
				CLANG_WARN_ENUM_CONVERSION = YES;
				CLANG_WARN_INT_CONVERSION = YES;
				CLANG_WARN_OBJC_ROOT_CLASS = YES_ERROR;
				CLANG_WARN__DUPLICATE_METHOD_MATCH = YES;
				"CODE_SIGN_IDENTITY[sdk=iphoneos*]" = "iPhone Developer";
				COPY_PHASE_STRIP = YES;
				ENABLE_NS_ASSERTIONS = NO;
				GCC_C_LANGUAGE_STANDARD = gnu99;
				GCC_WARN_64_TO_32_BIT_CONVERSION = YES;
				GCC_WARN_ABOUT_RETURN_TYPE = YES_ERROR;
				GCC_WARN_UNDECLARED_SELECTOR = YES;
				GCC_WARN_UNINITIALIZED_AUTOS = YES_AGGRESSIVE;
				GCC_WARN_UNUSED_FUNCTION = YES;
				GCC_WARN_UNUSED_VARIABLE = YES;
				IPHONEOS_DEPLOYMENT_TARGET = 7.1;
				SDKROOT = iphoneos;
				VALIDATE_PRODUCT = YES;
			};
			name = Release;
		};
		C4417B9119AF120B00078F93 /* Debug */ = {
			isa = XCBuildConfiguration;
			buildSettings = {
				ASSETCATALOG_COMPILER_APPICON_NAME = AppIcon;
				ASSETCATALOG_COMPILER_LAUNCHIMAGE_NAME = LaunchImage;
				GCC_PRECOMPILE_PREFIX_HEADER = YES;
				GCC_PREFIX_HEADER = "iDeliverMobile/iDeliverMobile-Prefix.pch";
				INFOPLIST_FILE = "iDeliverMobile/iDeliverMobile-Info.plist";
				PRODUCT_NAME = "$(TARGET_NAME)";
				WRAPPER_EXTENSION = app;
			};
			name = Debug;
		};
		C4417B9219AF120B00078F93 /* Release */ = {
			isa = XCBuildConfiguration;
			buildSettings = {
				ASSETCATALOG_COMPILER_APPICON_NAME = AppIcon;
				ASSETCATALOG_COMPILER_LAUNCHIMAGE_NAME = LaunchImage;
				GCC_PRECOMPILE_PREFIX_HEADER = YES;
				GCC_PREFIX_HEADER = "iDeliverMobile/iDeliverMobile-Prefix.pch";
				INFOPLIST_FILE = "iDeliverMobile/iDeliverMobile-Info.plist";
				PRODUCT_NAME = "$(TARGET_NAME)";
				WRAPPER_EXTENSION = app;
			};
			name = Release;
		};
		C4417B9419AF120B00078F93 /* Debug */ = {
			isa = XCBuildConfiguration;
			buildSettings = {
				BUNDLE_LOADER = "$(BUILT_PRODUCTS_DIR)/iDeliverMobile.app/iDeliverMobile";
				FRAMEWORK_SEARCH_PATHS = (
					"$(SDKROOT)/Developer/Library/Frameworks",
					"$(inherited)",
					"$(DEVELOPER_FRAMEWORKS_DIR)",
				);
				GCC_PRECOMPILE_PREFIX_HEADER = YES;
				GCC_PREFIX_HEADER = "iDeliverMobile/iDeliverMobile-Prefix.pch";
				GCC_PREPROCESSOR_DEFINITIONS = (
					"DEBUG=1",
					"$(inherited)",
				);
				INFOPLIST_FILE = "iDeliverMobileTests/iDeliverMobileTests-Info.plist";
				PRODUCT_NAME = "$(TARGET_NAME)";
				TEST_HOST = "$(BUNDLE_LOADER)";
				WRAPPER_EXTENSION = xctest;
			};
			name = Debug;
		};
		C4417B9519AF120B00078F93 /* Release */ = {
			isa = XCBuildConfiguration;
			buildSettings = {
				BUNDLE_LOADER = "$(BUILT_PRODUCTS_DIR)/iDeliverMobile.app/iDeliverMobile";
				FRAMEWORK_SEARCH_PATHS = (
					"$(SDKROOT)/Developer/Library/Frameworks",
					"$(inherited)",
					"$(DEVELOPER_FRAMEWORKS_DIR)",
				);
				GCC_PRECOMPILE_PREFIX_HEADER = YES;
				GCC_PREFIX_HEADER = "iDeliverMobile/iDeliverMobile-Prefix.pch";
				INFOPLIST_FILE = "iDeliverMobileTests/iDeliverMobileTests-Info.plist";
				PRODUCT_NAME = "$(TARGET_NAME)";
				TEST_HOST = "$(BUNDLE_LOADER)";
				WRAPPER_EXTENSION = xctest;
			};
			name = Release;
		};
/* End XCBuildConfiguration section */

/* Begin XCConfigurationList section */
		C4417B5F19AF120B00078F93 /* Build configuration list for PBXProject "iDeliverMobile" */ = {
			isa = XCConfigurationList;
			buildConfigurations = (
				C4417B8E19AF120B00078F93 /* Debug */,
				C4417B8F19AF120B00078F93 /* Release */,
			);
			defaultConfigurationIsVisible = 0;
			defaultConfigurationName = Release;
		};
		C4417B9019AF120B00078F93 /* Build configuration list for PBXNativeTarget "iDeliverMobile" */ = {
			isa = XCConfigurationList;
			buildConfigurations = (
				C4417B9119AF120B00078F93 /* Debug */,
				C4417B9219AF120B00078F93 /* Release */,
			);
			defaultConfigurationIsVisible = 0;
		};
		C4417B9319AF120B00078F93 /* Build configuration list for PBXNativeTarget "iDeliverMobileTests" */ = {
			isa = XCConfigurationList;
			buildConfigurations = (
				C4417B9419AF120B00078F93 /* Debug */,
				C4417B9519AF120B00078F93 /* Release */,
			);
			defaultConfigurationIsVisible = 0;
		};
/* End XCConfigurationList section */
	};
	rootObject = C4417B5C19AF120B00078F93 /* Project object */;
}
